
Microsoft Visual Studio Solution File, Format Version 12.00
# Visual Studio for Mac
Project("{FAE04EC0-301F-11D3-BF4B-00C04F79EFBC}") = "ButterflyAR3", "ButterflyAR3.csproj", "{2588EA11-51C9-8EBE-F42A-982EAEA281AD}"
EndProject
Project("{FAE04EC0-301F-11D3-BF4B-00C04F79EFBC}") = "ButterflyAR3.Editor", "ButterflyAR3.Editor.csproj", "{44C88EB7-C0CD-4487-5128-44A116C4A039}"
EndProject
Global
	GlobalSection(SolutionConfigurationPlatforms) = preSolution
		Debug|Any CPU = Debug|Any CPU
		Release|Any CPU = Release|Any CPU
	EndGlobalSection
	GlobalSection(ProjectConfigurationPlatforms) = postSolution
		{2588EA11-51C9-8EBE-F42A-982EAEA281AD}.Debug|Any CPU.ActiveCfg = Debug|Any CPU
		{2588EA11-51C9-8EBE-F42A-982EAEA281AD}.Debug|Any CPU.Build.0 = Debug|Any CPU
		{2588EA11-51C9-8EBE-F42A-982EAEA281AD}.Release|Any CPU.ActiveCfg = Release|Any CPU
		{2588EA11-51C9-8EBE-F42A-982EAEA281AD}.Release|Any CPU.Build.0 = Release|Any CPU
		{44C88EB7-C0CD-4487-5128-44A116C4A039}.Debug|Any CPU.ActiveCfg = Debug|Any CPU
		{44C88EB7-C0CD-4487-5128-44A116C4A039}.Debug|Any CPU.Build.0 = Debug|Any CPU
		{44C88EB7-C0CD-4487-5128-44A116C4A039}.Release|Any CPU.ActiveCfg = Release|Any CPU
		{44C88EB7-C0CD-4487-5128-44A116C4A039}.Release|Any CPU.Build.0 = Release|Any CPU
	EndGlobalSection
	GlobalSection(SolutionProperties) = preSolution
		HideSolutionNode = FALSE
	EndGlobalSection
EndGlobal
